
Microsoft Visual Studio Solution File, Format Version 12.00
# Visual Studio 15
VisualStudioVersion = 15.0.28010.2046
MinimumVisualStudioVersion = 10.0.40219.1
Project("{FAE04EC0-301F-11D3-BF4B-00C04F79EFBC}") = "NQueens", "NQueens\NQueens.csproj", "{571D05EF-4379-4398-8E88-C13F5251118A}"
EndProject
Global
	GlobalSection(SolutionConfigurationPlatforms) = preSolution
		Debug|Any CPU = Debug|Any CPU
		Release|Any CPU = Release|Any CPU
	EndGlobalSection
	GlobalSection(ProjectConfigurationPlatforms) = postSolution
		{571D05EF-4379-4398-8E88-C13F5251118A}.Debug|Any CPU.ActiveCfg = Debug|Any CPU
		{571D05EF-4379-4398-8E88-C13F5251118A}.Debug|Any CPU.Build.0 = Debug|Any CPU
		{571D05EF-4379-4398-8E88-C13F5251118A}.Release|Any CPU.ActiveCfg = Release|Any CPU
		{571D05EF-4379-4398-8E88-C13F5251118A}.Release|Any CPU.Build.0 = Release|Any CPU
	EndGlobalSection
	GlobalSection(SolutionProperties) = preSolution
		HideSolutionNode = FALSE
	EndGlobalSection
	GlobalSection(ExtensibilityGlobals) = postSolution
		SolutionGuid = {9B32CB61-B12D-4802-B448-05F6199CD4D5}
	EndGlobalSection
EndGlobal
