
Microsoft Visual Studio Solution File, Format Version 12.00
# Visual Studio 15
VisualStudioVersion = 15.0.28010.2016
MinimumVisualStudioVersion = 10.0.40219.1
Project("{9A19103F-16F7-4668-BE54-9A1E7A4F7556}") = "Frogs", "Frogs\Frogs.csproj", "{2F786CE1-643A-4D49-A079-AC784A9CEEAD}"
EndProject
Global
	GlobalSection(SolutionConfigurationPlatforms) = preSolution
		Debug|Any CPU = Debug|Any CPU
		Release|Any CPU = Release|Any CPU
	EndGlobalSection
	GlobalSection(ProjectConfigurationPlatforms) = postSolution
		{2F786CE1-643A-4D49-A079-AC784A9CEEAD}.Debug|Any CPU.ActiveCfg = Debug|Any CPU
		{2F786CE1-643A-4D49-A079-AC784A9CEEAD}.Debug|Any CPU.Build.0 = Debug|Any CPU
		{2F786CE1-643A-4D49-A079-AC784A9CEEAD}.Release|Any CPU.ActiveCfg = Release|Any CPU
		{2F786CE1-643A-4D49-A079-AC784A9CEEAD}.Release|Any CPU.Build.0 = Release|Any CPU
	EndGlobalSection
	GlobalSection(SolutionProperties) = preSolution
		HideSolutionNode = FALSE
	EndGlobalSection
	GlobalSection(ExtensibilityGlobals) = postSolution
		SolutionGuid = {9F44993F-391D-4A6C-A09C-E62C91AE2E24}
	EndGlobalSection
EndGlobal
